
Microsoft Visual Studio Solution File, Format Version 12.00
# Visual Studio 15
VisualStudioVersion = 15.0.27004.2005
MinimumVisualStudioVersion = 10.0.40219.1
Project("{9A19103F-16F7-4668-BE54-9A1E7A4F7556}") = "UwpMultiTarget", "UwpMultiTarget\UwpMultiTarget.csproj", "{32E1226D-F8CB-4459-A819-CD736F50E81F}"
EndProject
Project("{FAE04EC0-301F-11D3-BF4B-00C04F79EFBC}") = "ClassLibrary1", "ClassLibrary1\ClassLibrary1.csproj", "{F29D1DF9-A298-45D4-9666-BED20842D991}"
EndProject
Global
	GlobalSection(SolutionConfigurationPlatforms) = preSolution
		Debug|Any CPU = Debug|Any CPU
		Debug|ARM = Debug|ARM
		Debug|x64 = Debug|x64
		Debug|x86 = Debug|x86
		Release|Any CPU = Release|Any CPU
		Release|ARM = Release|ARM
		Release|x64 = Release|x64
		Release|x86 = Release|x86
	EndGlobalSection
	GlobalSection(ProjectConfigurationPlatforms) = postSolution
		{32E1226D-F8CB-4459-A819-CD736F50E81F}.Debug|Any CPU.ActiveCfg = Debug|Any CPU
		{32E1226D-F8CB-4459-A819-CD736F50E81F}.Debug|Any CPU.Build.0 = Debug|Any CPU
		{32E1226D-F8CB-4459-A819-CD736F50E81F}.Debug|ARM.ActiveCfg = Debug|Any CPU
		{32E1226D-F8CB-4459-A819-CD736F50E81F}.Debug|ARM.Build.0 = Debug|Any CPU
		{32E1226D-F8CB-4459-A819-CD736F50E81F}.Debug|x64.ActiveCfg = Debug|Any CPU
		{32E1226D-F8CB-4459-A819-CD736F50E81F}.Debug|x64.Build.0 = Debug|Any CPU
		{32E1226D-F8CB-4459-A819-CD736F50E81F}.Debug|x86.ActiveCfg = Debug|Any CPU
		{32E1226D-F8CB-4459-A819-CD736F50E81F}.Debug|x86.Build.0 = Debug|Any CPU
		{32E1226D-F8CB-4459-A819-CD736F50E81F}.Release|Any CPU.ActiveCfg = Release|Any CPU
		{32E1226D-F8CB-4459-A819-CD736F50E81F}.Release|Any CPU.Build.0 = Release|Any CPU
		{32E1226D-F8CB-4459-A819-CD736F50E81F}.Release|ARM.ActiveCfg = Release|Any CPU
		{32E1226D-F8CB-4459-A819-CD736F50E81F}.Release|ARM.Build.0 = Release|Any CPU
		{32E1226D-F8CB-4459-A819-CD736F50E81F}.Release|x64.ActiveCfg = Release|Any CPU
		{32E1226D-F8CB-4459-A819-CD736F50E81F}.Release|x64.Build.0 = Release|Any CPU
		{32E1226D-F8CB-4459-A819-CD736F50E81F}.Release|x86.ActiveCfg = Release|Any CPU
		{32E1226D-F8CB-4459-A819-CD736F50E81F}.Release|x86.Build.0 = Release|Any CPU
		{F29D1DF9-A298-45D4-9666-BED20842D991}.Debug|Any CPU.ActiveCfg = Debug|Any CPU
		{F29D1DF9-A298-45D4-9666-BED20842D991}.Debug|Any CPU.Build.0 = Debug|Any CPU
		{F29D1DF9-A298-45D4-9666-BED20842D991}.Debug|ARM.ActiveCfg = Debug|ARM
		{F29D1DF9-A298-45D4-9666-BED20842D991}.Debug|ARM.Build.0 = Debug|ARM
		{F29D1DF9-A298-45D4-9666-BED20842D991}.Debug|x64.ActiveCfg = Debug|x64
		{F29D1DF9-A298-45D4-9666-BED20842D991}.Debug|x64.Build.0 = Debug|x64
		{F29D1DF9-A298-45D4-9666-BED20842D991}.Debug|x86.ActiveCfg = Debug|x86
		{F29D1DF9-A298-45D4-9666-BED20842D991}.Debug|x86.Build.0 = Debug|x86
		{F29D1DF9-A298-45D4-9666-BED20842D991}.Release|Any CPU.ActiveCfg = Release|Any CPU
		{F29D1DF9-A298-45D4-9666-BED20842D991}.Release|Any CPU.Build.0 = Release|Any CPU
		{F29D1DF9-A298-45D4-9666-BED20842D991}.Release|ARM.ActiveCfg = Release|ARM
		{F29D1DF9-A298-45D4-9666-BED20842D991}.Release|ARM.Build.0 = Release|ARM
		{F29D1DF9-A298-45D4-9666-BED20842D991}.Release|x64.ActiveCfg = Release|x64
		{F29D1DF9-A298-45D4-9666-BED20842D991}.Release|x64.Build.0 = Release|x64
		{F29D1DF9-A298-45D4-9666-BED20842D991}.Release|x86.ActiveCfg = Release|x86
		{F29D1DF9-A298-45D4-9666-BED20842D991}.Release|x86.Build.0 = Release|x86
	EndGlobalSection
	GlobalSection(SolutionProperties) = preSolution
		HideSolutionNode = FALSE
	EndGlobalSection
	GlobalSection(ExtensibilityGlobals) = postSolution
		SolutionGuid = {ADF2BF5B-7A80-4C8F-94B1-2C2E6D57BCF2}
	EndGlobalSection
EndGlobal
